
Microsoft Visual Studio Solution File, Format Version 12.00
# Visual Studio 15
VisualStudioVersion = 15.0.26730.8
MinimumVisualStudioVersion = 10.0.40219.1
Project("{FAE04EC0-301F-11D3-BF4B-00C04F79EFBC}") = "Serialization", "Model_validation\Serialization.csproj", "{F08B856D-29E7-4326-9928-F765946F1A5E}"
EndProject
Global
	GlobalSection(SolutionConfigurationPlatforms) = preSolution
		Debug|Any CPU = Debug|Any CPU
		Release|Any CPU = Release|Any CPU
	EndGlobalSection
	GlobalSection(ProjectConfigurationPlatforms) = postSolution
		{F08B856D-29E7-4326-9928-F765946F1A5E}.Debug|Any CPU.ActiveCfg = Debug|Any CPU
		{F08B856D-29E7-4326-9928-F765946F1A5E}.Debug|Any CPU.Build.0 = Debug|Any CPU
		{F08B856D-29E7-4326-9928-F765946F1A5E}.Release|Any CPU.ActiveCfg = Release|Any CPU
		{F08B856D-29E7-4326-9928-F765946F1A5E}.Release|Any CPU.Build.0 = Release|Any CPU
	EndGlobalSection
	GlobalSection(SolutionProperties) = preSolution
		HideSolutionNode = FALSE
	EndGlobalSection
	GlobalSection(ExtensibilityGlobals) = postSolution
		SolutionGuid = {E02B1E2C-6630-45B2-982A-32CE7DB884B2}
	EndGlobalSection
EndGlobal
