
Microsoft Visual Studio Solution File, Format Version 12.00
# Visual Studio 15
VisualStudioVersion = 15.0.26730.16
MinimumVisualStudioVersion = 10.0.40219.1
Project("{FAE04EC0-301F-11D3-BF4B-00C04F79EFBC}") = "Replacer", "Replacer\Replacer.csproj", "{5FDEC658-FDBB-4A4D-8B5C-47EFA528BA84}"
EndProject
Global
	GlobalSection(SolutionConfigurationPlatforms) = preSolution
		Debug|Any CPU = Debug|Any CPU
		Release|Any CPU = Release|Any CPU
	EndGlobalSection
	GlobalSection(ProjectConfigurationPlatforms) = postSolution
		{5FDEC658-FDBB-4A4D-8B5C-47EFA528BA84}.Debug|Any CPU.ActiveCfg = Debug|Any CPU
		{5FDEC658-FDBB-4A4D-8B5C-47EFA528BA84}.Debug|Any CPU.Build.0 = Debug|Any CPU
		{5FDEC658-FDBB-4A4D-8B5C-47EFA528BA84}.Release|Any CPU.ActiveCfg = Release|Any CPU
		{5FDEC658-FDBB-4A4D-8B5C-47EFA528BA84}.Release|Any CPU.Build.0 = Release|Any CPU
	EndGlobalSection
	GlobalSection(SolutionProperties) = preSolution
		HideSolutionNode = FALSE
	EndGlobalSection
	GlobalSection(ExtensibilityGlobals) = postSolution
		SolutionGuid = {D4D61CDA-33B4-4B4F-91A3-3D19DCE37769}
	EndGlobalSection
EndGlobal
