
Microsoft Visual Studio Solution File, Format Version 12.00
# Visual Studio 15
VisualStudioVersion = 15.0.26730.8
MinimumVisualStudioVersion = 10.0.40219.1
Project("{FAE04EC0-301F-11D3-BF4B-00C04F79EFBC}") = "MobileOperator", "MobileOperator\MobileOperator.csproj", "{B74B17D7-7F10-4267-AD96-EC8456AB5502}"
EndProject
Global
	GlobalSection(SolutionConfigurationPlatforms) = preSolution
		Debug|Any CPU = Debug|Any CPU
		Release|Any CPU = Release|Any CPU
	EndGlobalSection
	GlobalSection(ProjectConfigurationPlatforms) = postSolution
		{B74B17D7-7F10-4267-AD96-EC8456AB5502}.Debug|Any CPU.ActiveCfg = Debug|Any CPU
		{B74B17D7-7F10-4267-AD96-EC8456AB5502}.Debug|Any CPU.Build.0 = Debug|Any CPU
		{B74B17D7-7F10-4267-AD96-EC8456AB5502}.Release|Any CPU.ActiveCfg = Release|Any CPU
		{B74B17D7-7F10-4267-AD96-EC8456AB5502}.Release|Any CPU.Build.0 = Release|Any CPU
	EndGlobalSection
	GlobalSection(SolutionProperties) = preSolution
		HideSolutionNode = FALSE
	EndGlobalSection
	GlobalSection(ExtensibilityGlobals) = postSolution
		SolutionGuid = {8DB1EB3A-D4BF-4779-A108-FBA58B841FC3}
	EndGlobalSection
EndGlobal
