
Microsoft Visual Studio Solution File, Format Version 12.00
# Visual Studio 15
VisualStudioVersion = 15.0.26730.16
MinimumVisualStudioVersion = 10.0.40219.1
Project("{FAE04EC0-301F-11D3-BF4B-00C04F79EFBC}") = "Archiver", "Archiver\Archiver.csproj", "{0785F5FB-BF66-4C03-9AF9-1BAE2DDFD03C}"
EndProject
Global
	GlobalSection(SolutionConfigurationPlatforms) = preSolution
		Debug|Any CPU = Debug|Any CPU
		Release|Any CPU = Release|Any CPU
	EndGlobalSection
	GlobalSection(ProjectConfigurationPlatforms) = postSolution
		{0785F5FB-BF66-4C03-9AF9-1BAE2DDFD03C}.Debug|Any CPU.ActiveCfg = Debug|Any CPU
		{0785F5FB-BF66-4C03-9AF9-1BAE2DDFD03C}.Debug|Any CPU.Build.0 = Debug|Any CPU
		{0785F5FB-BF66-4C03-9AF9-1BAE2DDFD03C}.Release|Any CPU.ActiveCfg = Release|Any CPU
		{0785F5FB-BF66-4C03-9AF9-1BAE2DDFD03C}.Release|Any CPU.Build.0 = Release|Any CPU
	EndGlobalSection
	GlobalSection(SolutionProperties) = preSolution
		HideSolutionNode = FALSE
	EndGlobalSection
	GlobalSection(ExtensibilityGlobals) = postSolution
		SolutionGuid = {75423C38-E7F2-47ED-9890-1A545A8D0ED5}
	EndGlobalSection
EndGlobal
