
Microsoft Visual Studio Solution File, Format Version 12.00
# Visual Studio 15
VisualStudioVersion = 15.0.26730.8
MinimumVisualStudioVersion = 10.0.40219.1
Project("{FAE04EC0-301F-11D3-BF4B-00C04F79EFBC}") = "MyLibrary", "MyLibrary\MyLibrary.csproj", "{D6461B0D-277B-4CA7-BA35-05F9542D5BF8}"
EndProject
Project("{FAE04EC0-301F-11D3-BF4B-00C04F79EFBC}") = "ExtentionApp", "ExtentionApp\ExtentionApp.csproj", "{2578AECE-AC86-4033-A53B-0056A5712E59}"
EndProject
Global
	GlobalSection(SolutionConfigurationPlatforms) = preSolution
		Debug|Any CPU = Debug|Any CPU
		Release|Any CPU = Release|Any CPU
	EndGlobalSection
	GlobalSection(ProjectConfigurationPlatforms) = postSolution
		{D6461B0D-277B-4CA7-BA35-05F9542D5BF8}.Debug|Any CPU.ActiveCfg = Debug|Any CPU
		{D6461B0D-277B-4CA7-BA35-05F9542D5BF8}.Debug|Any CPU.Build.0 = Debug|Any CPU
		{D6461B0D-277B-4CA7-BA35-05F9542D5BF8}.Release|Any CPU.ActiveCfg = Release|Any CPU
		{D6461B0D-277B-4CA7-BA35-05F9542D5BF8}.Release|Any CPU.Build.0 = Release|Any CPU
		{2578AECE-AC86-4033-A53B-0056A5712E59}.Debug|Any CPU.ActiveCfg = Debug|Any CPU
		{2578AECE-AC86-4033-A53B-0056A5712E59}.Debug|Any CPU.Build.0 = Debug|Any CPU
		{2578AECE-AC86-4033-A53B-0056A5712E59}.Release|Any CPU.ActiveCfg = Release|Any CPU
		{2578AECE-AC86-4033-A53B-0056A5712E59}.Release|Any CPU.Build.0 = Release|Any CPU
	EndGlobalSection
	GlobalSection(SolutionProperties) = preSolution
		HideSolutionNode = FALSE
	EndGlobalSection
	GlobalSection(ExtensibilityGlobals) = postSolution
		SolutionGuid = {AD0D3CDD-46B9-41E7-BF95-211C30FB0908}
	EndGlobalSection
EndGlobal
