
Microsoft Visual Studio Solution File, Format Version 12.00
# Visual Studio 15
VisualStudioVersion = 15.0.26730.8
MinimumVisualStudioVersion = 10.0.40219.1
Project("{FAE04EC0-301F-11D3-BF4B-00C04F79EFBC}") = "UserForm", "UserForm\UserForm.csproj", "{E54ED874-9206-4958-9988-C16E0DB73EB4}"
EndProject
Global
	GlobalSection(SolutionConfigurationPlatforms) = preSolution
		Debug|Any CPU = Debug|Any CPU
		Release|Any CPU = Release|Any CPU
	EndGlobalSection
	GlobalSection(ProjectConfigurationPlatforms) = postSolution
		{E54ED874-9206-4958-9988-C16E0DB73EB4}.Debug|Any CPU.ActiveCfg = Debug|Any CPU
		{E54ED874-9206-4958-9988-C16E0DB73EB4}.Debug|Any CPU.Build.0 = Debug|Any CPU
		{E54ED874-9206-4958-9988-C16E0DB73EB4}.Release|Any CPU.ActiveCfg = Release|Any CPU
		{E54ED874-9206-4958-9988-C16E0DB73EB4}.Release|Any CPU.Build.0 = Release|Any CPU
	EndGlobalSection
	GlobalSection(SolutionProperties) = preSolution
		HideSolutionNode = FALSE
	EndGlobalSection
	GlobalSection(ExtensibilityGlobals) = postSolution
		SolutionGuid = {C31DDE64-D3A9-4F9D-AE70-DF96A2616C83}
	EndGlobalSection
EndGlobal
