
Microsoft Visual Studio Solution File, Format Version 12.00
# Visual Studio 15
VisualStudioVersion = 15.0.26730.8
MinimumVisualStudioVersion = 10.0.40219.1
Project("{FAE04EC0-301F-11D3-BF4B-00C04F79EFBC}") = "NumericDataTypes", "NumericDataTypes\NumericDataTypes.csproj", "{7918351D-09EF-4D53-851C-282591DB9594}"
EndProject
Project("{FAE04EC0-301F-11D3-BF4B-00C04F79EFBC}") = "Calculator", "Calculator\Calculator.csproj", "{3B2CA137-8BC6-4AA8-9FEB-30E7AA5F27A1}"
EndProject
Project("{FAE04EC0-301F-11D3-BF4B-00C04F79EFBC}") = "NumericDataTypesGraphic", "NumericDataTypesGraphic\NumericDataTypesGraphic.csproj", "{5E8CB9CC-A71A-418A-984A-87E15C0FFC8C}"
EndProject
Global
	GlobalSection(SolutionConfigurationPlatforms) = preSolution
		Debug|Any CPU = Debug|Any CPU
		Release|Any CPU = Release|Any CPU
	EndGlobalSection
	GlobalSection(ProjectConfigurationPlatforms) = postSolution
		{7918351D-09EF-4D53-851C-282591DB9594}.Debug|Any CPU.ActiveCfg = Debug|Any CPU
		{7918351D-09EF-4D53-851C-282591DB9594}.Debug|Any CPU.Build.0 = Debug|Any CPU
		{7918351D-09EF-4D53-851C-282591DB9594}.Release|Any CPU.ActiveCfg = Release|Any CPU
		{7918351D-09EF-4D53-851C-282591DB9594}.Release|Any CPU.Build.0 = Release|Any CPU
		{3B2CA137-8BC6-4AA8-9FEB-30E7AA5F27A1}.Debug|Any CPU.ActiveCfg = Debug|Any CPU
		{3B2CA137-8BC6-4AA8-9FEB-30E7AA5F27A1}.Debug|Any CPU.Build.0 = Debug|Any CPU
		{3B2CA137-8BC6-4AA8-9FEB-30E7AA5F27A1}.Release|Any CPU.ActiveCfg = Release|Any CPU
		{3B2CA137-8BC6-4AA8-9FEB-30E7AA5F27A1}.Release|Any CPU.Build.0 = Release|Any CPU
		{5E8CB9CC-A71A-418A-984A-87E15C0FFC8C}.Debug|Any CPU.ActiveCfg = Debug|Any CPU
		{5E8CB9CC-A71A-418A-984A-87E15C0FFC8C}.Debug|Any CPU.Build.0 = Debug|Any CPU
		{5E8CB9CC-A71A-418A-984A-87E15C0FFC8C}.Release|Any CPU.ActiveCfg = Release|Any CPU
		{5E8CB9CC-A71A-418A-984A-87E15C0FFC8C}.Release|Any CPU.Build.0 = Release|Any CPU
	EndGlobalSection
	GlobalSection(SolutionProperties) = preSolution
		HideSolutionNode = FALSE
	EndGlobalSection
	GlobalSection(ExtensibilityGlobals) = postSolution
		SolutionGuid = {6452488A-2AA2-4039-A2F8-E18AF88BE2D6}
	EndGlobalSection
EndGlobal
