
Microsoft Visual Studio Solution File, Format Version 12.00
# Visual Studio 15
VisualStudioVersion = 15.0.26730.8
MinimumVisualStudioVersion = 10.0.40219.1
Project("{FAE04EC0-301F-11D3-BF4B-00C04F79EFBC}") = "GC", "GC\GC.csproj", "{5A04DF40-CE10-4D18-8E52-0EDCF900072B}"
EndProject
Global
	GlobalSection(SolutionConfigurationPlatforms) = preSolution
		Debug|Any CPU = Debug|Any CPU
		Release|Any CPU = Release|Any CPU
	EndGlobalSection
	GlobalSection(ProjectConfigurationPlatforms) = postSolution
		{5A04DF40-CE10-4D18-8E52-0EDCF900072B}.Debug|Any CPU.ActiveCfg = Debug|Any CPU
		{5A04DF40-CE10-4D18-8E52-0EDCF900072B}.Debug|Any CPU.Build.0 = Debug|Any CPU
		{5A04DF40-CE10-4D18-8E52-0EDCF900072B}.Release|Any CPU.ActiveCfg = Release|Any CPU
		{5A04DF40-CE10-4D18-8E52-0EDCF900072B}.Release|Any CPU.Build.0 = Release|Any CPU
	EndGlobalSection
	GlobalSection(SolutionProperties) = preSolution
		HideSolutionNode = FALSE
	EndGlobalSection
	GlobalSection(ExtensibilityGlobals) = postSolution
		SolutionGuid = {C13DFA30-37B2-4BA7-841C-04AE85DB62CD}
	EndGlobalSection
EndGlobal
